
Microsoft Visual Studio Solution File, Format Version 12.00
# Visual Studio Version 16
VisualStudioVersion = 16.0.29418.71
MinimumVisualStudioVersion = 10.0.40219.1
Project("{FAE04EC0-301F-11D3-BF4B-00C04F79EFBC}") = "GradeMeUp", "GradeMeUp\GradeMeUp.csproj", "{9ED57B16-CF75-4AF3-BD39-C7FB74B33916}"
EndProject
Global
	GlobalSection(SolutionConfigurationPlatforms) = preSolution
		Debug|Any CPU = Debug|Any CPU
		Release|Any CPU = Release|Any CPU
	EndGlobalSection
	GlobalSection(ProjectConfigurationPlatforms) = postSolution
		{9ED57B16-CF75-4AF3-BD39-C7FB74B33916}.Debug|Any CPU.ActiveCfg = Debug|Any CPU
		{9ED57B16-CF75-4AF3-BD39-C7FB74B33916}.Debug|Any CPU.Build.0 = Debug|Any CPU
		{9ED57B16-CF75-4AF3-BD39-C7FB74B33916}.Release|Any CPU.ActiveCfg = Release|Any CPU
		{9ED57B16-CF75-4AF3-BD39-C7FB74B33916}.Release|Any CPU.Build.0 = Release|Any CPU
	EndGlobalSection
	GlobalSection(SolutionProperties) = preSolution
		HideSolutionNode = FALSE
	EndGlobalSection
	GlobalSection(ExtensibilityGlobals) = postSolution
		SolutionGuid = {E07794D9-8763-417A-B3D3-390B47341E85}
	EndGlobalSection
EndGlobal
